// !$*UTF8*$!
{
	archiveVersion = 1;
	classes = {
	};
	objectVersion = 55;
	objects = {

/* Begin PBXBuildFile section */
		A70ADC5228F0102600C1C015 /* AppDelegate.swift in Sources */ = {isa = PBXBuildFile; fileRef = A70ADC5128F0102600C1C015 /* AppDelegate.swift */; };
		A70ADC5428F0102600C1C015 /* SceneDelegate.swift in Sources */ = {isa = PBXBuildFile; fileRef = A70ADC5328F0102600C1C015 /* SceneDelegate.swift */; };
		A70ADC5628F0102600C1C015 /* MainTabBarViewController.swift in Sources */ = {isa = PBXBuildFile; fileRef = A70ADC5528F0102600C1C015 /* MainTabBarViewController.swift */; };
		A70ADC5B28F0102700C1C015 /* Assets.xcassets in Resources */ = {isa = PBXBuildFile; fileRef = A70ADC5A28F0102700C1C015 /* Assets.xcassets */; };
		A70ADC5E28F0102700C1C015 /* LaunchScreen.storyboard in Resources */ = {isa = PBXBuildFile; fileRef = A70ADC5C28F0102700C1C015 /* LaunchScreen.storyboard */; };
		A70ADC6A28F010B200C1C015 /* HomeViewController.swift in Sources */ = {isa = PBXBuildFile; fileRef = A70ADC6928F010B200C1C015 /* HomeViewController.swift */; };
		A70ADC6C28F010CC00C1C015 /* UpcomingViewController.swift in Sources */ = {isa = PBXBuildFile; fileRef = A70ADC6B28F010CC00C1C015 /* UpcomingViewController.swift */; };
		A70ADC6E28F010E100C1C015 /* DownloadsViewController.swift in Sources */ = {isa = PBXBuildFile; fileRef = A70ADC6D28F010E100C1C015 /* DownloadsViewController.swift */; };
		A70ADC7028F0135200C1C015 /* TopSearchViewController.swift in Sources */ = {isa = PBXBuildFile; fileRef = A70ADC6F28F0135200C1C015 /* TopSearchViewController.swift */; };
		A70ADC7228F018E400C1C015 /* CollectionViewTableViewCell.swift in Sources */ = {isa = PBXBuildFile; fileRef = A70ADC7128F018E400C1C015 /* CollectionViewTableViewCell.swift */; };
		A70ADC7428F025F300C1C015 /* HeroImageView.swift in Sources */ = {isa = PBXBuildFile; fileRef = A70ADC7328F025F300C1C015 /* HeroImageView.swift */; };
		A778DE1328F6864100D8E500 /* SearchResultsViewController.swift in Sources */ = {isa = PBXBuildFile; fileRef = A778DE1228F6864100D8E500 /* SearchResultsViewController.swift */; };
		A778DE1528F6D4A200D8E500 /* YoutubeSearchResponse.swift in Sources */ = {isa = PBXBuildFile; fileRef = A778DE1428F6D4A200D8E500 /* YoutubeSearchResponse.swift */; };
		A778DE1728F6DA2500D8E500 /* TitlePreviewViewController.swift in Sources */ = {isa = PBXBuildFile; fileRef = A778DE1628F6DA2500D8E500 /* TitlePreviewViewController.swift */; };
		A7F4157E28F52B4E004F7490 /* APICaller.swift in Sources */ = {isa = PBXBuildFile; fileRef = A7F4157D28F52B4E004F7490 /* APICaller.swift */; };
		A7F4158028F53803004F7490 /* Title.swift in Sources */ = {isa = PBXBuildFile; fileRef = A7F4157F28F53803004F7490 /* Title.swift */; };
		A7F4158228F54F84004F7490 /* TitleCollectionViewCell.swift in Sources */ = {isa = PBXBuildFile; fileRef = A7F4158128F54F84004F7490 /* TitleCollectionViewCell.swift */; };
		A7F4158528F5518E004F7490 /* SDWebImage in Frameworks */ = {isa = PBXBuildFile; productRef = A7F4158428F5518E004F7490 /* SDWebImage */; };
		A7F4158728F5518E004F7490 /* SDWebImageMapKit in Frameworks */ = {isa = PBXBuildFile; productRef = A7F4158628F5518E004F7490 /* SDWebImageMapKit */; };
		A7F4158928F58A11004F7490 /* TitleTableViewCell.swift in Sources */ = {isa = PBXBuildFile; fileRef = A7F4158828F58A11004F7490 /* TitleTableViewCell.swift */; };
		A7F4158B28F5A033004F7490 /* TitleViewModel.swift in Sources */ = {isa = PBXBuildFile; fileRef = A7F4158A28F5A033004F7490 /* TitleViewModel.swift */; };
/* End PBXBuildFile section */

/* Begin PBXFileReference section */
		A70ADC4E28F0102600C1C015 /* NetflixClone.app */ = {isa = PBXFileReference; explicitFileType = wrapper.application; includeInIndex = 0; path = NetflixClone.app; sourceTree = BUILT_PRODUCTS_DIR; };
		A70ADC5128F0102600C1C015 /* AppDelegate.swift */ = {isa = PBXFileReference; lastKnownFileType = sourcecode.swift; path = AppDelegate.swift; sourceTree = "<group>"; };
		A70ADC5328F0102600C1C015 /* SceneDelegate.swift */ = {isa = PBXFileReference; lastKnownFileType = sourcecode.swift; path = SceneDelegate.swift; sourceTree = "<group>"; };
		A70ADC5528F0102600C1C015 /* MainTabBarViewController.swift */ = {isa = PBXFileReference; lastKnownFileType = sourcecode.swift; path = MainTabBarViewController.swift; sourceTree = "<group>"; };
		A70ADC5A28F0102700C1C015 /* Assets.xcassets */ = {isa = PBXFileReference; lastKnownFileType = folder.assetcatalog; path = Assets.xcassets; sourceTree = "<group>"; };
		A70ADC5D28F0102700C1C015 /* Base */ = {isa = PBXFileReference; lastKnownFileType = file.storyboard; name = Base; path = Base.lproj/LaunchScreen.storyboard; sourceTree = "<group>"; };
		A70ADC5F28F0102700C1C015 /* Info.plist */ = {isa = PBXFileReference; lastKnownFileType = text.plist.xml; path = Info.plist; sourceTree = "<group>"; };
		A70ADC6928F010B200C1C015 /* HomeViewController.swift */ = {isa = PBXFileReference; lastKnownFileType = sourcecode.swift; path = HomeViewController.swift; sourceTree = "<group>"; };
		A70ADC6B28F010CC00C1C015 /* UpcomingViewController.swift */ = {isa = PBXFileReference; lastKnownFileType = sourcecode.swift; path = UpcomingViewController.swift; sourceTree = "<group>"; };
		A70ADC6D28F010E100C1C015 /* DownloadsViewController.swift */ = {isa = PBXFileReference; lastKnownFileType = sourcecode.swift; path = DownloadsViewController.swift; sourceTree = "<group>"; };
		A70ADC6F28F0135200C1C015 /* TopSearchViewController.swift */ = {isa = PBXFileReference; lastKnownFileType = sourcecode.swift; path = TopSearchViewController.swift; sourceTree = "<group>"; };
		A70ADC7128F018E400C1C015 /* CollectionViewTableViewCell.swift */ = {isa = PBXFileReference; lastKnownFileType = sourcecode.swift; path = CollectionViewTableViewCell.swift; sourceTree = "<group>"; };
		A70ADC7328F025F300C1C015 /* HeroImageView.swift */ = {isa = PBXFileReference; lastKnownFileType = sourcecode.swift; path = HeroImageView.swift; sourceTree = "<group>"; };
		A778DE1228F6864100D8E500 /* SearchResultsViewController.swift */ = {isa = PBXFileReference; lastKnownFileType = sourcecode.swift; path = SearchResultsViewController.swift; sourceTree = "<group>"; };
		A778DE1428F6D4A200D8E500 /* YoutubeSearchResponse.swift */ = {isa = PBXFileReference; lastKnownFileType = sourcecode.swift; path = YoutubeSearchResponse.swift; sourceTree = "<group>"; };
		A778DE1628F6DA2500D8E500 /* TitlePreviewViewController.swift */ = {isa = PBXFileReference; lastKnownFileType = sourcecode.swift; path = TitlePreviewViewController.swift; sourceTree = "<group>"; };
		A7F4157D28F52B4E004F7490 /* APICaller.swift */ = {isa = PBXFileReference; lastKnownFileType = sourcecode.swift; path = APICaller.swift; sourceTree = "<group>"; };
		A7F4157F28F53803004F7490 /* Title.swift */ = {isa = PBXFileReference; lastKnownFileType = sourcecode.swift; path = Title.swift; sourceTree = "<group>"; };
		A7F4158128F54F84004F7490 /* TitleCollectionViewCell.swift */ = {isa = PBXFileReference; lastKnownFileType = sourcecode.swift; path = TitleCollectionViewCell.swift; sourceTree = "<group>"; };
		A7F4158828F58A11004F7490 /* TitleTableViewCell.swift */ = {isa = PBXFileReference; lastKnownFileType = sourcecode.swift; path = TitleTableViewCell.swift; sourceTree = "<group>"; };
		A7F4158A28F5A033004F7490 /* TitleViewModel.swift */ = {isa = PBXFileReference; lastKnownFileType = sourcecode.swift; path = TitleViewModel.swift; sourceTree = "<group>"; };
/* End PBXFileReference section */

/* Begin PBXFrameworksBuildPhase section */
		A70ADC4B28F0102600C1C015 /* Frameworks */ = {
			isa = PBXFrameworksBuildPhase;
			buildActionMask = 2147483647;
			files = (
				A7F4158728F5518E004F7490 /* SDWebImageMapKit in Frameworks */,
				A7F4158528F5518E004F7490 /* SDWebImage in Frameworks */,
			);
			runOnlyForDeploymentPostprocessing = 0;
		};
/* End PBXFrameworksBuildPhase section */

/* Begin PBXGroup section */
		A70ADC4528F0102600C1C015 = {
			isa = PBXGroup;
			children = (
				A70ADC5028F0102600C1C015 /* NetflixClone */,
				A70ADC4F28F0102600C1C015 /* Products */,
			);
			sourceTree = "<group>";
		};
		A70ADC4F28F0102600C1C015 /* Products */ = {
			isa = PBXGroup;
			children = (
				A70ADC4E28F0102600C1C015 /* NetflixClone.app */,
			);
			name = Products;
			sourceTree = "<group>";
		};
		A70ADC5028F0102600C1C015 /* NetflixClone */ = {
			isa = PBXGroup;
			children = (
				A7F4157C28F52B35004F7490 /* Managers */,
				A70ADC7528F02F1400C1C015 /* Resourses */,
				A70ADC6628F0103700C1C015 /* ViewModels */,
				A70ADC6728F0104100C1C015 /* Views */,
				A70ADC6528F0102E00C1C015 /* Models */,
				A70ADC6828F0104800C1C015 /* Controllers */,
				A70ADC5F28F0102700C1C015 /* Info.plist */,
			);
			path = NetflixClone;
			sourceTree = "<group>";
		};
		A70ADC6528F0102E00C1C015 /* Models */ = {
			isa = PBXGroup;
			children = (
				A7F4157F28F53803004F7490 /* Title.swift */,
				A778DE1428F6D4A200D8E500 /* YoutubeSearchResponse.swift */,
			);
			path = Models;
			sourceTree = "<group>";
		};
		A70ADC6628F0103700C1C015 /* ViewModels */ = {
			isa = PBXGroup;
			children = (
				A7F4158A28F5A033004F7490 /* TitleViewModel.swift */,
			);
			path = ViewModels;
			sourceTree = "<group>";
		};
		A70ADC6728F0104100C1C015 /* Views */ = {
			isa = PBXGroup;
			children = (
				A70ADC5C28F0102700C1C015 /* LaunchScreen.storyboard */,
				A70ADC7128F018E400C1C015 /* CollectionViewTableViewCell.swift */,
				A70ADC7328F025F300C1C015 /* HeroImageView.swift */,
				A7F4158128F54F84004F7490 /* TitleCollectionViewCell.swift */,
				A7F4158828F58A11004F7490 /* TitleTableViewCell.swift */,
			);
			path = Views;
			sourceTree = "<group>";
		};
		A70ADC6828F0104800C1C015 /* Controllers */ = {
			isa = PBXGroup;
			children = (
				A778DE1128F6860800D8E500 /* General */,
				A778DE1028F685D600D8E500 /* Core */,
			);
			path = Controllers;
			sourceTree = "<group>";
		};
		A70ADC7528F02F1400C1C015 /* Resourses */ = {
			isa = PBXGroup;
			children = (
				A70ADC5A28F0102700C1C015 /* Assets.xcassets */,
				A70ADC5128F0102600C1C015 /* AppDelegate.swift */,
				A70ADC5328F0102600C1C015 /* SceneDelegate.swift */,
			);
			path = Resourses;
			sourceTree = "<group>";
		};
		A778DE1028F685D600D8E500 /* Core */ = {
			isa = PBXGroup;
			children = (
				A70ADC5528F0102600C1C015 /* MainTabBarViewController.swift */,
				A70ADC6928F010B200C1C015 /* HomeViewController.swift */,
				A70ADC6B28F010CC00C1C015 /* UpcomingViewController.swift */,
				A70ADC6F28F0135200C1C015 /* TopSearchViewController.swift */,
				A70ADC6D28F010E100C1C015 /* DownloadsViewController.swift */,
			);
			path = Core;
			sourceTree = "<group>";
		};
		A778DE1128F6860800D8E500 /* General */ = {
			isa = PBXGroup;
			children = (
				A778DE1228F6864100D8E500 /* SearchResultsViewController.swift */,
				A778DE1628F6DA2500D8E500 /* TitlePreviewViewController.swift */,
			);
			path = General;
			sourceTree = "<group>";
		};
		A7F4157C28F52B35004F7490 /* Managers */ = {
			isa = PBXGroup;
			children = (
				A7F4157D28F52B4E004F7490 /* APICaller.swift */,
			);
			path = Managers;
			sourceTree = "<group>";
		};
/* End PBXGroup section */

/* Begin PBXNativeTarget section */
		A70ADC4D28F0102600C1C015 /* NetflixClone */ = {
			isa = PBXNativeTarget;
			buildConfigurationList = A70ADC6228F0102700C1C015 /* Build configuration list for PBXNativeTarget "NetflixClone" */;
			buildPhases = (
				A70ADC4A28F0102600C1C015 /* Sources */,
				A70ADC4B28F0102600C1C015 /* Frameworks */,
				A70ADC4C28F0102600C1C015 /* Resources */,
			);
			buildRules = (
			);
			dependencies = (
			);
			name = NetflixClone;
			packageProductDependencies = (
				A7F4158428F5518E004F7490 /* SDWebImage */,
				A7F4158628F5518E004F7490 /* SDWebImageMapKit */,
			);
			productName = NetflixClone;
			productReference = A70ADC4E28F0102600C1C015 /* NetflixClone.app */;
			productType = "com.apple.product-type.application";
		};
/* End PBXNativeTarget section */

/* Begin PBXProject section */
		A70ADC4628F0102600C1C015 /* Project object */ = {
			isa = PBXProject;
			attributes = {
				BuildIndependentTargetsInParallel = 1;
				LastSwiftUpdateCheck = 1340;
				LastUpgradeCheck = 1340;
				TargetAttributes = {
					A70ADC4D28F0102600C1C015 = {
						CreatedOnToolsVersion = 13.4.1;
					};
				};
			};
			buildConfigurationList = A70ADC4928F0102600C1C015 /* Build configuration list for PBXProject "NetflixClone" */;
			compatibilityVersion = "Xcode 13.0";
			developmentRegion = en;
			hasScannedForEncodings = 0;
			knownRegions = (
				en,
				Base,
			);
			mainGroup = A70ADC4528F0102600C1C015;
			packageReferences = (
				A7F4158328F5518E004F7490 /* XCRemoteSwiftPackageReference "SDWebImage" */,
			);
			productRefGroup = A70ADC4F28F0102600C1C015 /* Products */;
			projectDirPath = "";
			projectRoot = "";
			targets = (
				A70ADC4D28F0102600C1C015 /* NetflixClone */,
			);
		};
/* End PBXProject section */

/* Begin PBXResourcesBuildPhase section */
		A70ADC4C28F0102600C1C015 /* Resources */ = {
			isa = PBXResourcesBuildPhase;
			buildActionMask = 2147483647;
			files = (
				A70ADC5E28F0102700C1C015 /* LaunchScreen.storyboard in Resources */,
				A70ADC5B28F0102700C1C015 /* Assets.xcassets in Resources */,
			);
			runOnlyForDeploymentPostprocessing = 0;
		};
/* End PBXResourcesBuildPhase section */

/* Begin PBXSourcesBuildPhase section */
		A70ADC4A28F0102600C1C015 /* Sources */ = {
			isa = PBXSourcesBuildPhase;
			buildActionMask = 2147483647;
			files = (
				A70ADC6E28F010E100C1C015 /* DownloadsViewController.swift in Sources */,
				A70ADC5628F0102600C1C015 /* MainTabBarViewController.swift in Sources */,
				A778DE1728F6DA2500D8E500 /* TitlePreviewViewController.swift in Sources */,
				A7F4158928F58A11004F7490 /* TitleTableViewCell.swift in Sources */,
				A70ADC7228F018E400C1C015 /* CollectionViewTableViewCell.swift in Sources */,
				A778DE1528F6D4A200D8E500 /* YoutubeSearchResponse.swift in Sources */,
				A778DE1328F6864100D8E500 /* SearchResultsViewController.swift in Sources */,
				A7F4157E28F52B4E004F7490 /* APICaller.swift in Sources */,
				A70ADC5228F0102600C1C015 /* AppDelegate.swift in Sources */,
				A70ADC5428F0102600C1C015 /* SceneDelegate.swift in Sources */,
				A70ADC7028F0135200C1C015 /* TopSearchViewController.swift in Sources */,
				A70ADC6C28F010CC00C1C015 /* UpcomingViewController.swift in Sources */,
				A70ADC6A28F010B200C1C015 /* HomeViewController.swift in Sources */,
				A7F4158228F54F84004F7490 /* TitleCollectionViewCell.swift in Sources */,
				A7F4158B28F5A033004F7490 /* TitleViewModel.swift in Sources */,
				A7F4158028F53803004F7490 /* Title.swift in Sources */,
				A70ADC7428F025F300C1C015 /* HeroImageView.swift in Sources */,
			);
			runOnlyForDeploymentPostprocessing = 0;
		};
/* End PBXSourcesBuildPhase section */

/* Begin PBXVariantGroup section */
		A70ADC5C28F0102700C1C015 /* LaunchScreen.storyboard */ = {
			isa = PBXVariantGroup;
			children = (
				A70ADC5D28F0102700C1C015 /* Base */,
			);
			name = LaunchScreen.storyboard;
			sourceTree = "<group>";
		};
/* End PBXVariantGroup section */

/* Begin XCBuildConfiguration section */
		A70ADC6028F0102700C1C015 /* Debug */ = {
			isa = XCBuildConfiguration;
			buildSettings = {
				ALWAYS_SEARCH_USER_PATHS = NO;
				CLANG_ANALYZER_NONNULL = YES;
				CLANG_ANALYZER_NUMBER_OBJECT_CONVERSION = YES_AGGRESSIVE;
				CLANG_CXX_LANGUAGE_STANDARD = "gnu++17";
				CLANG_ENABLE_MODULES = YES;
				CLANG_ENABLE_OBJC_ARC = YES;
				CLANG_ENABLE_OBJC_WEAK = YES;
				CLANG_WARN_BLOCK_CAPTURE_AUTORELEASING = YES;
				CLANG_WARN_BOOL_CONVERSION = YES;
				CLANG_WARN_COMMA = YES;
				CLANG_WARN_CONSTANT_CONVERSION = YES;
				CLANG_WARN_DEPRECATED_OBJC_IMPLEMENTATIONS = YES;
				CLANG_WARN_DIRECT_OBJC_ISA_USAGE = YES_ERROR;
				CLANG_WARN_DOCUMENTATION_COMMENTS = YES;
				CLANG_WARN_EMPTY_BODY = YES;
				CLANG_WARN_ENUM_CONVERSION = YES;
				CLANG_WARN_INFINITE_RECURSION = YES;
				CLANG_WARN_INT_CONVERSION = YES;
				CLANG_WARN_NON_LITERAL_NULL_CONVERSION = YES;
				CLANG_WARN_OBJC_IMPLICIT_RETAIN_SELF = YES;
				CLANG_WARN_OBJC_LITERAL_CONVERSION = YES;
				CLANG_WARN_OBJC_ROOT_CLASS = YES_ERROR;
				CLANG_WARN_QUOTED_INCLUDE_IN_FRAMEWORK_HEADER = YES;
				CLANG_WARN_RANGE_LOOP_ANALYSIS = YES;
				CLANG_WARN_STRICT_PROTOTYPES = YES;
				CLANG_WARN_SUSPICIOUS_MOVE = YES;
				CLANG_WARN_UNGUARDED_AVAILABILITY = YES_AGGRESSIVE;
				CLANG_WARN_UNREACHABLE_CODE = YES;
				CLANG_WARN__DUPLICATE_METHOD_MATCH = YES;
				COPY_PHASE_STRIP = NO;
				DEBUG_INFORMATION_FORMAT = dwarf;
				ENABLE_STRICT_OBJC_MSGSEND = YES;
				ENABLE_TESTABILITY = YES;
				GCC_C_LANGUAGE_STANDARD = gnu11;
				GCC_DYNAMIC_NO_PIC = NO;
				GCC_NO_COMMON_BLOCKS = YES;
				GCC_OPTIMIZATION_LEVEL = 0;
				GCC_PREPROCESSOR_DEFINITIONS = (
					"DEBUG=1",
					"$(inherited)",
				);
				GCC_WARN_64_TO_32_BIT_CONVERSION = YES;
				GCC_WARN_ABOUT_RETURN_TYPE = YES_ERROR;
				GCC_WARN_UNDECLARED_SELECTOR = YES;
				GCC_WARN_UNINITIALIZED_AUTOS = YES_AGGRESSIVE;
				GCC_WARN_UNUSED_FUNCTION = YES;
				GCC_WARN_UNUSED_VARIABLE = YES;
				IPHONEOS_DEPLOYMENT_TARGET = 15.5;
				MTL_ENABLE_DEBUG_INFO = INCLUDE_SOURCE;
				MTL_FAST_MATH = YES;
				ONLY_ACTIVE_ARCH = YES;
				SDKROOT = iphoneos;
				SWIFT_ACTIVE_COMPILATION_CONDITIONS = DEBUG;
				SWIFT_OPTIMIZATION_LEVEL = "-Onone";
			};
			name = Debug;
		};
		A70ADC6128F0102700C1C015 /* Release */ = {
			isa = XCBuildConfiguration;
			buildSettings = {
				ALWAYS_SEARCH_USER_PATHS = NO;
				CLANG_ANALYZER_NONNULL = YES;
				CLANG_ANALYZER_NUMBER_OBJECT_CONVERSION = YES_AGGRESSIVE;
				CLANG_CXX_LANGUAGE_STANDARD = "gnu++17";
				CLANG_ENABLE_MODULES = YES;
				CLANG_ENABLE_OBJC_ARC = YES;
				CLANG_ENABLE_OBJC_WEAK = YES;
				CLANG_WARN_BLOCK_CAPTURE_AUTORELEASING = YES;
				CLANG_WARN_BOOL_CONVERSION = YES;
				CLANG_WARN_COMMA = YES;
				CLANG_WARN_CONSTANT_CONVERSION = YES;
				CLANG_WARN_DEPRECATED_OBJC_IMPLEMENTATIONS = YES;
				CLANG_WARN_DIRECT_OBJC_ISA_USAGE = YES_ERROR;
				CLANG_WARN_DOCUMENTATION_COMMENTS = YES;
				CLANG_WARN_EMPTY_BODY = YES;
				CLANG_WARN_ENUM_CONVERSION = YES;
				CLANG_WARN_INFINITE_RECURSION = YES;
				CLANG_WARN_INT_CONVERSION = YES;
				CLANG_WARN_NON_LITERAL_NULL_CONVERSION = YES;
				CLANG_WARN_OBJC_IMPLICIT_RETAIN_SELF = YES;
				CLANG_WARN_OBJC_LITERAL_CONVERSION = YES;
				CLANG_WARN_OBJC_ROOT_CLASS = YES_ERROR;
				CLANG_WARN_QUOTED_INCLUDE_IN_FRAMEWORK_HEADER = YES;
				CLANG_WARN_RANGE_LOOP_ANALYSIS = YES;
				CLANG_WARN_STRICT_PROTOTYPES = YES;
				CLANG_WARN_SUSPICIOUS_MOVE = YES;
				CLANG_WARN_UNGUARDED_AVAILABILITY = YES_AGGRESSIVE;
				CLANG_WARN_UNREACHABLE_CODE = YES;
				CLANG_WARN__DUPLICATE_METHOD_MATCH = YES;
				COPY_PHASE_STRIP = NO;
				DEBUG_INFORMATION_FORMAT = "dwarf-with-dsym";
				ENABLE_NS_ASSERTIONS = NO;
				ENABLE_STRICT_OBJC_MSGSEND = YES;
				GCC_C_LANGUAGE_STANDARD = gnu11;
				GCC_NO_COMMON_BLOCKS = YES;
				GCC_WARN_64_TO_32_BIT_CONVERSION = YES;
				GCC_WARN_ABOUT_RETURN_TYPE = YES_ERROR;
				GCC_WARN_UNDECLARED_SELECTOR = YES;
				GCC_WARN_UNINITIALIZED_AUTOS = YES_AGGRESSIVE;
				GCC_WARN_UNUSED_FUNCTION = YES;
				GCC_WARN_UNUSED_VARIABLE = YES;
				IPHONEOS_DEPLOYMENT_TARGET = 15.5;
				MTL_ENABLE_DEBUG_INFO = NO;
				MTL_FAST_MATH = YES;
				SDKROOT = iphoneos;
				SWIFT_COMPILATION_MODE = wholemodule;
				SWIFT_OPTIMIZATION_LEVEL = "-O";
				VALIDATE_PRODUCT = YES;
			};
			name = Release;
		};
		A70ADC6328F0102700C1C015 /* Debug */ = {
			isa = XCBuildConfiguration;
			buildSettings = {
				ASSETCATALOG_COMPILER_APPICON_NAME = AppIcon;
				ASSETCATALOG_COMPILER_GLOBAL_ACCENT_COLOR_NAME = AccentColor;
				CODE_SIGN_STYLE = Automatic;
				CURRENT_PROJECT_VERSION = 1;
				GENERATE_INFOPLIST_FILE = YES;
				INFOPLIST_FILE = NetflixClone/Info.plist;
				INFOPLIST_KEY_UIApplicationSupportsIndirectInputEvents = YES;
				INFOPLIST_KEY_UILaunchStoryboardName = LaunchScreen;
				INFOPLIST_KEY_UISupportedInterfaceOrientations_iPad = "UIInterfaceOrientationPortrait UIInterfaceOrientationPortraitUpsideDown UIInterfaceOrientationLandscapeLeft UIInterfaceOrientationLandscapeRight";
				INFOPLIST_KEY_UISupportedInterfaceOrientations_iPhone = "UIInterfaceOrientationPortrait UIInterfaceOrientationLandscapeLeft UIInterfaceOrientationLandscapeRight";
				LD_RUNPATH_SEARCH_PATHS = (
					"$(inherited)",
					"@executable_path/Frameworks",
				);
				MARKETING_VERSION = 1.0;
				PRODUCT_BUNDLE_IDENTIFIER = com.ekincare.NetflixClone;
				PRODUCT_NAME = "$(TARGET_NAME)";
				SWIFT_EMIT_LOC_STRINGS = YES;
				SWIFT_VERSION = 5.0;
				TARGETED_DEVICE_FAMILY = "1,2";
			};
			name = Debug;
		};
		A70ADC6428F0102700C1C015 /* Release */ = {
			isa = XCBuildConfiguration;
			buildSettings = {
				ASSETCATALOG_COMPILER_APPICON_NAME = AppIcon;
				ASSETCATALOG_COMPILER_GLOBAL_ACCENT_COLOR_NAME = AccentColor;
				CODE_SIGN_STYLE = Automatic;
				CURRENT_PROJECT_VERSION = 1;
				GENERATE_INFOPLIST_FILE = YES;
				INFOPLIST_FILE = NetflixClone/Info.plist;
				INFOPLIST_KEY_UIApplicationSupportsIndirectInputEvents = YES;
				INFOPLIST_KEY_UILaunchStoryboardName = LaunchScreen;
				INFOPLIST_KEY_UISupportedInterfaceOrientations_iPad = "UIInterfaceOrientationPortrait UIInterfaceOrientationPortraitUpsideDown UIInterfaceOrientationLandscapeLeft UIInterfaceOrientationLandscapeRight";
				INFOPLIST_KEY_UISupportedInterfaceOrientations_iPhone = "UIInterfaceOrientationPortrait UIInterfaceOrientationLandscapeLeft UIInterfaceOrientationLandscapeRight";
				LD_RUNPATH_SEARCH_PATHS = (
					"$(inherited)",
					"@executable_path/Frameworks",
				);
				MARKETING_VERSION = 1.0;
				PRODUCT_BUNDLE_IDENTIFIER = com.ekincare.NetflixClone;
				PRODUCT_NAME = "$(TARGET_NAME)";
				SWIFT_EMIT_LOC_STRINGS = YES;
				SWIFT_VERSION = 5.0;
				TARGETED_DEVICE_FAMILY = "1,2";
			};
			name = Release;
		};
/* End XCBuildConfiguration section */

/* Begin XCConfigurationList section */
		A70ADC4928F0102600C1C015 /* Build configuration list for PBXProject "NetflixClone" */ = {
			isa = XCConfigurationList;
			buildConfigurations = (
				A70ADC6028F0102700C1C015 /* Debug */,
				A70ADC6128F0102700C1C015 /* Release */,
			);
			defaultConfigurationIsVisible = 0;
			defaultConfigurationName = Release;
		};
		A70ADC6228F0102700C1C015 /* Build configuration list for PBXNativeTarget "NetflixClone" */ = {
			isa = XCConfigurationList;
			buildConfigurations = (
				A70ADC6328F0102700C1C015 /* Debug */,
				A70ADC6428F0102700C1C015 /* Release */,
			);
			defaultConfigurationIsVisible = 0;
			defaultConfigurationName = Release;
		};
/* End XCConfigurationList section */

/* Begin XCRemoteSwiftPackageReference section */
		A7F4158328F5518E004F7490 /* XCRemoteSwiftPackageReference "SDWebImage" */ = {
			isa = XCRemoteSwiftPackageReference;
			repositoryURL = "https://github.com/SDWebImage/SDWebImage.git";
			requirement = {
				branch = master;
				kind = branch;
			};
		};
/* End XCRemoteSwiftPackageReference section */

/* Begin XCSwiftPackageProductDependency section */
		A7F4158428F5518E004F7490 /* SDWebImage */ = {
			isa = XCSwiftPackageProductDependency;
			package = A7F4158328F5518E004F7490 /* XCRemoteSwiftPackageReference "SDWebImage" */;
			productName = SDWebImage;
		};
		A7F4158628F5518E004F7490 /* SDWebImageMapKit */ = {
			isa = XCSwiftPackageProductDependency;
			package = A7F4158328F5518E004F7490 /* XCRemoteSwiftPackageReference "SDWebImage" */;
			productName = SDWebImageMapKit;
		};
/* End XCSwiftPackageProductDependency section */
	};
	rootObject = A70ADC4628F0102600C1C015 /* Project object */;
}
